
Microsoft Visual Studio Solution File, Format Version 12.00
# Visual Studio Version 17
VisualStudioVersion = 17.8.34525.116
MinimumVisualStudioVersion = 10.0.40219.1
Project("{9A19103F-16F7-4668-BE54-9A1E7A4F7556}") = "HomeChatGPT", "HomeChatGPT.csproj", "{49797FD4-037C-491F-B430-6600F8C2DBB5}"
EndProject
Project("{FAE04EC0-301F-11D3-BF4B-00C04F79EFBC}") = "ChatGPT.Net", "..\ChatGPT.Net\ChatGPT.Net.csproj", "{018BB0D6-EE4D-4CCE-8169-0F9CB4A7623C}"
EndProject
Global
	GlobalSection(SolutionConfigurationPlatforms) = preSolution
		Debug|Any CPU = Debug|Any CPU
		Release|Any CPU = Release|Any CPU
	EndGlobalSection
	GlobalSection(ProjectConfigurationPlatforms) = postSolution
		{49797FD4-037C-491F-B430-6600F8C2DBB5}.Debug|Any CPU.ActiveCfg = Debug|Any CPU
		{49797FD4-037C-491F-B430-6600F8C2DBB5}.Debug|Any CPU.Build.0 = Debug|Any CPU
		{49797FD4-037C-491F-B430-6600F8C2DBB5}.Release|Any CPU.ActiveCfg = Release|Any CPU
		{49797FD4-037C-491F-B430-6600F8C2DBB5}.Release|Any CPU.Build.0 = Release|Any CPU
		{018BB0D6-EE4D-4CCE-8169-0F9CB4A7623C}.Debug|Any CPU.ActiveCfg = Debug|Any CPU
		{018BB0D6-EE4D-4CCE-8169-0F9CB4A7623C}.Debug|Any CPU.Build.0 = Debug|Any CPU
		{018BB0D6-EE4D-4CCE-8169-0F9CB4A7623C}.Release|Any CPU.ActiveCfg = Release|Any CPU
		{018BB0D6-EE4D-4CCE-8169-0F9CB4A7623C}.Release|Any CPU.Build.0 = Release|Any CPU
	EndGlobalSection
	GlobalSection(SolutionProperties) = preSolution
		HideSolutionNode = FALSE
	EndGlobalSection
	GlobalSection(ExtensibilityGlobals) = postSolution
		SolutionGuid = {AD834833-C791-4AA0-BE8B-5786B6B7DB80}
	EndGlobalSection
EndGlobal
